{
  "requires": true,
  "lockfileVersion": 1,
  "dependencies": {
    "file-size": {
      "version": "1.0.0",
      "resolved": "https://registry.npmjs.org/file-size/-/file-size-1.0.0.tgz",
      "integrity": "sha512-tLIdonWTpABkU6Axg2yGChYdrOsy4V8xcm0IcyAP8fSsu6jiXLm5pgs083e4sq5fzNRZuAYolUbZyYmPvCKfwQ=="
    }
  }
}
